PODS:
  - JSONKit (1.5pre)
  - MGBox2 (2.0.0)
  - MKNetworkKit (0.87):
    - Reachability (~> 3.1.0)
  - Reachability (3.0.0)
  - ViewDeck (2.3.1)

DEPENDENCIES:
  - JSONKit (~> 1.4)
  - MGBox2
  - MKNetworkKit
  - Reachability (~> 3.0.0)
  - ViewDeck

SPEC CHECKSUMS:
  JSONKit: 409734ab3407fce90ef7eaa95d7168f38d9a6601
  MGBox2: 7c09e36c2271f9af16fdb5141a0ca554ecee4d8d
  MKNetworkKit: f174100f92473012138b6b1c3040266af8d43a14
  Reachability: 500bd76bf6cd8ff2c6fb715fc5f44ef6e4c024f2
  ViewDeck: 2cdc67c4b41a10cafc7556b982f028409e33604d

COCOAPODS: 0.22.1
