// !$*UTF8*$!
{
	archiveVersion = 1;
	classes = {
	};
	objectVersion = 46;
	objects = {

/* Begin PBXBuildFile section */
		3DC5D05C97AA48C9A93A8848 /* libPods.a in Frameworks */ = {isa = PBXBuildFile; fileRef = 0F9316C403B240E19B88F0D6 /* libPods.a */; };
		6C4EA0B3178D8D950076E9AC /* UIKit.framework in Frameworks */ = {isa = PBXBuildFile; fileRef = 6C4EA0B2178D8D950076E9AC /* UIKit.framework */; };
		6C4EA0B5178D8D950076E9AC /* Foundation.framework in Frameworks */ = {isa = PBXBuildFile; fileRef = 6C4EA0B4178D8D950076E9AC /* Foundation.framework */; };
		6C4EA0B7178D8D950076E9AC /* CoreGraphics.framework in Frameworks */ = {isa = PBXBuildFile; fileRef = 6C4EA0B6178D8D950076E9AC /* CoreGraphics.framework */; };
		6C4EA0BD178D8D950076E9AC /* InfoPlist.strings in Resources */ = {isa = PBXBuildFile; fileRef = 6C4EA0BB178D8D950076E9AC /* InfoPlist.strings */; };
		6C4EA0BF178D8D950076E9AC /* main.m in Sources */ = {isa = PBXBuildFile; fileRef = 6C4EA0BE178D8D950076E9AC /* main.m */; };
		6C4EA0C3178D8D950076E9AC /* AppDelegate.m in Sources */ = {isa = PBXBuildFile; fileRef = 6C4EA0C2178D8D950076E9AC /* AppDelegate.m */; };
		6C4EA0C5178D8D950076E9AC /* Default.png in Resources */ = {isa = PBXBuildFile; fileRef = 6C4EA0C4178D8D950076E9AC /* Default.png */; };
		6C4EA0C7178D8D950076E9AC /* Default@2x.png in Resources */ = {isa = PBXBuildFile; fileRef = 6C4EA0C6178D8D950076E9AC /* Default@2x.png */; };
		6C4EA0C9178D8D950076E9AC /* Default-568h@2x.png in Resources */ = {isa = PBXBuildFile; fileRef = 6C4EA0C8178D8D950076E9AC /* Default-568h@2x.png */; };
		6C4EA0CC178D8D950076E9AC /* MainStoryboard_iPhone.storyboard in Resources */ = {isa = PBXBuildFile; fileRef = 6C4EA0CA178D8D950076E9AC /* MainStoryboard_iPhone.storyboard */; };
		6C4EA0CF178D8D950076E9AC /* MainStoryboard_iPad.storyboard in Resources */ = {isa = PBXBuildFile; fileRef = 6C4EA0CD178D8D950076E9AC /* MainStoryboard_iPad.storyboard */; };
		6C4EA0D2178D8D950076E9AC /* ViewController.m in Sources */ = {isa = PBXBuildFile; fileRef = 6C4EA0D1178D8D950076E9AC /* ViewController.m */; };
		6C4EA0DA178D8F8F0076E9AC /* NewsstandArtwork.png in Resources */ = {isa = PBXBuildFile; fileRef = 6C4EA0D8178D8F8E0076E9AC /* NewsstandArtwork.png */; };
		6C4EA0DB178D8F8F0076E9AC /* iTunesArtwork.png in Resources */ = {isa = PBXBuildFile; fileRef = 6C4EA0D9178D8F8F0076E9AC /* iTunesArtwork.png */; };
		6C4EA0E8178D944C0076E9AC /* memo.txt in Resources */ = {isa = PBXBuildFile; fileRef = 6C4EA0E7178D944B0076E9AC /* memo.txt */; };
/* End PBXBuildFile section */

/* Begin PBXFileReference section */
		0F9316C403B240E19B88F0D6 /* libPods.a */ = {isa = PBXFileReference; explicitFileType = archive.ar; includeInIndex = 0; path = libPods.a; sourceTree = BUILT_PRODUCTS_DIR; };
		6C4EA0AF178D8D950076E9AC /* Ebook.app */ = {isa = PBXFileReference; explicitFileType = wrapper.application; includeInIndex = 0; path = Ebook.app; sourceTree = BUILT_PRODUCTS_DIR; };
		6C4EA0B2178D8D950076E9AC /* UIKit.framework */ = {isa = PBXFileReference; lastKnownFileType = wrapper.framework; name = UIKit.framework; path = System/Library/Frameworks/UIKit.framework; sourceTree = SDKROOT; };
		6C4EA0B4178D8D950076E9AC /* Foundation.framework */ = {isa = PBXFileReference; lastKnownFileType = wrapper.framework; name = Foundation.framework; path = System/Library/Frameworks/Foundation.framework; sourceTree = SDKROOT; };
		6C4EA0B6178D8D950076E9AC /* CoreGraphics.framework */ = {isa = PBXFileReference; lastKnownFileType = wrapper.framework; name = CoreGraphics.framework; path = System/Library/Frameworks/CoreGraphics.framework; sourceTree = SDKROOT; };
		6C4EA0BA178D8D950076E9AC /* Ebook-Info.plist */ = {isa = PBXFileReference; lastKnownFileType = text.plist.xml; path = "Ebook-Info.plist"; sourceTree = "<group>"; };
		6C4EA0BC178D8D950076E9AC /* en */ = {isa = PBXFileReference; lastKnownFileType = text.plist.strings; name = en; path = en.lproj/InfoPlist.strings; sourceTree = "<group>"; };
		6C4EA0BE178D8D950076E9AC /* main.m */ = {isa = PBXFileReference; lastKnownFileType = sourcecode.c.objc; path = main.m; sourceTree = "<group>"; };
		6C4EA0C0178D8D950076E9AC /* Ebook-Prefix.pch */ = {isa = PBXFileReference; lastKnownFileType = sourcecode.c.h; path = "Ebook-Prefix.pch"; sourceTree = "<group>"; };
		6C4EA0C1178D8D950076E9AC /* AppDelegate.h */ = {isa = PBXFileReference; lastKnownFileType = sourcecode.c.h; path = AppDelegate.h; sourceTree = "<group>"; };
		6C4EA0C2178D8D950076E9AC /* AppDelegate.m */ = {isa = PBXFileReference; lastKnownFileType = sourcecode.c.objc; path = AppDelegate.m; sourceTree = "<group>"; };
		6C4EA0C4178D8D950076E9AC /* Default.png */ = {isa = PBXFileReference; lastKnownFileType = image.png; path = Default.png; sourceTree = "<group>"; };
		6C4EA0C6178D8D950076E9AC /* Default@2x.png */ = {isa = PBXFileReference; lastKnownFileType = image.png; path = "Default@2x.png"; sourceTree = "<group>"; };
		6C4EA0C8178D8D950076E9AC /* Default-568h@2x.png */ = {isa = PBXFileReference; lastKnownFileType = image.png; path = "Default-568h@2x.png"; sourceTree = "<group>"; };
		6C4EA0CB178D8D950076E9AC /* en */ = {isa = PBXFileReference; lastKnownFileType = file.storyboard; name = en; path = en.lproj/MainStoryboard_iPhone.storyboard; sourceTree = "<group>"; };
		6C4EA0CE178D8D950076E9AC /* en */ = {isa = PBXFileReference; lastKnownFileType = file.storyboard; name = en; path = en.lproj/MainStoryboard_iPad.storyboard; sourceTree = "<group>"; };
		6C4EA0D0178D8D950076E9AC /* ViewController.h */ = {isa = PBXFileReference; lastKnownFileType = sourcecode.c.h; path = ViewController.h; sourceTree = "<group>"; };
		6C4EA0D1178D8D950076E9AC /* ViewController.m */ = {isa = PBXFileReference; lastKnownFileType = sourcecode.c.objc; path = ViewController.m; sourceTree = "<group>"; };
		6C4EA0D8178D8F8E0076E9AC /* NewsstandArtwork.png */ = {isa = PBXFileReference; lastKnownFileType = image.png; path = NewsstandArtwork.png; sourceTree = "<group>"; };
		6C4EA0D9178D8F8F0076E9AC /* iTunesArtwork.png */ = {isa = PBXFileReference; lastKnownFileType = image.png; path = iTunesArtwork.png; sourceTree = "<group>"; };
		6C4EA0DD178D93AA0076E9AC /* iTunesMetadata.plist */ = {isa = PBXFileReference; lastKnownFileType = file.bplist; name = iTunesMetadata.plist; path = lohas/iTunesMetadata.plist; sourceTree = "<group>"; };
		6C4EA0DE178D93AA0076E9AC /* Pods.xcconfig */ = {isa = PBXFileReference; lastKnownFileType = text.xcconfig; name = Pods.xcconfig; path = lohas/Pods.xcconfig; sourceTree = "<group>"; };
		6C4EA0DF178D93AA0076E9AC /* PressPlusInHouse-Info.plist */ = {isa = PBXFileReference; lastKnownFileType = file.bplist; name = "PressPlusInHouse-Info.plist"; path = "lohas/PressPlusInHouse-Info.plist"; sourceTree = "<group>"; };
		6C4EA0E0178D93AB0076E9AC /* Info.plist */ = {isa = PBXFileReference; lastKnownFileType = file.bplist; name = Info.plist; path = lohas/Info.plist; sourceTree = "<group>"; };
		6C4EA0E1178D93AB0076E9AC /* ResourceRules.plist */ = {isa = PBXFileReference; lastKnownFileType = text.plist.xml; name = ResourceRules.plist; path = lohas/ResourceRules.plist; sourceTree = "<group>"; };
		6C4EA0E2178D93AC0076E9AC /* .DS_Store */ = {isa = PBXFileReference; lastKnownFileType = file; name = .DS_Store; path = lohas/.DS_Store; sourceTree = "<group>"; };
		6C4EA0E3178D93AC0076E9AC /* Info.plist.xml */ = {isa = PBXFileReference; lastKnownFileType = text.xml; name = Info.plist.xml; path = lohas/Info.plist.xml; sourceTree = "<group>"; };
		6C4EA0E4178D93AC0076E9AC /* iTunesMetadata.plist.xml */ = {isa = PBXFileReference; lastKnownFileType = text.xml; name = iTunesMetadata.plist.xml; path = lohas/iTunesMetadata.plist.xml; sourceTree = "<group>"; };
		6C4EA0E5178D93AD0076E9AC /* PressPlusInHouse-Info.plist.xml */ = {isa = PBXFileReference; lastKnownFileType = text.xml; name = "PressPlusInHouse-Info.plist.xml"; path = "lohas/PressPlusInHouse-Info.plist.xml"; sourceTree = "<group>"; };
		6C4EA0E6178D93AD0076E9AC /* ResourceRules.plist.xml */ = {isa = PBXFileReference; lastKnownFileType = text.xml; name = ResourceRules.plist.xml; path = lohas/ResourceRules.plist.xml; sourceTree = "<group>"; };
		6C4EA0E7178D944B0076E9AC /* memo.txt */ = {isa = PBXFileReference; fileEncoding = 4; lastKnownFileType = text; path = memo.txt; sourceTree = "<group>"; };
		7EAA0ADEBB704C6B83DBFEF5 /* Pods/Pods.xcconfig */ = {isa = PBXFileReference; includeInIndex = 1; lastKnownFileType = text.xcconfig; path = Pods/Pods.xcconfig; sourceTree = SOURCE_ROOT; };
/* End PBXFileReference section */

/* Begin PBXFrameworksBuildPhase section */
		6C4EA0AC178D8D950076E9AC /* Frameworks */ = {
			isa = PBXFrameworksBuildPhase;
			buildActionMask = 2147483647;
			files = (
				6C4EA0B3178D8D950076E9AC /* UIKit.framework in Frameworks */,
				6C4EA0B5178D8D950076E9AC /* Foundation.framework in Frameworks */,
				6C4EA0B7178D8D950076E9AC /* CoreGraphics.framework in Frameworks */,
				3DC5D05C97AA48C9A93A8848 /* libPods.a in Frameworks */,
			);
			runOnlyForDeploymentPostprocessing = 0;
		};
/* End PBXFrameworksBuildPhase section */

/* Begin PBXGroup section */
		6C4EA0A6178D8D950076E9AC = {
			isa = PBXGroup;
			children = (
				6C4EA0B8178D8D950076E9AC /* Ebook */,
				6C4EA0B1178D8D950076E9AC /* Frameworks */,
				6C4EA0B0178D8D950076E9AC /* Products */,
				7EAA0ADEBB704C6B83DBFEF5 /* Pods/Pods.xcconfig */,
			);
			sourceTree = "<group>";
		};
		6C4EA0B0178D8D950076E9AC /* Products */ = {
			isa = PBXGroup;
			children = (
				6C4EA0AF178D8D950076E9AC /* Ebook.app */,
			);
			name = Products;
			sourceTree = "<group>";
		};
		6C4EA0B1178D8D950076E9AC /* Frameworks */ = {
			isa = PBXGroup;
			children = (
				6C4EA0B2178D8D950076E9AC /* UIKit.framework */,
				6C4EA0B4178D8D950076E9AC /* Foundation.framework */,
				6C4EA0B6178D8D950076E9AC /* CoreGraphics.framework */,
				0F9316C403B240E19B88F0D6 /* libPods.a */,
			);
			name = Frameworks;
			sourceTree = "<group>";
		};
		6C4EA0B8178D8D950076E9AC /* Ebook */ = {
			isa = PBXGroup;
			children = (
				6C4EA0DC178D93670076E9AC /* tempfile */,
				6C4EA0CA178D8D950076E9AC /* MainStoryboard_iPhone.storyboard */,
				6C4EA0D8178D8F8E0076E9AC /* NewsstandArtwork.png */,
				6C4EA0D9178D8F8F0076E9AC /* iTunesArtwork.png */,
				6C4EA0CD178D8D950076E9AC /* MainStoryboard_iPad.storyboard */,
				6C4EA0D0178D8D950076E9AC /* ViewController.h */,
				6C4EA0D1178D8D950076E9AC /* ViewController.m */,
				6C4EA0B9178D8D950076E9AC /* Supporting Files */,
				6C4EA0E7178D944B0076E9AC /* memo.txt */,
			);
			path = Ebook;
			sourceTree = "<group>";
		};
		6C4EA0B9178D8D950076E9AC /* Supporting Files */ = {
			isa = PBXGroup;
			children = (
				6C4EA0C1178D8D950076E9AC /* AppDelegate.h */,
				6C4EA0C2178D8D950076E9AC /* AppDelegate.m */,
				6C4EA0BA178D8D950076E9AC /* Ebook-Info.plist */,
				6C4EA0BB178D8D950076E9AC /* InfoPlist.strings */,
				6C4EA0BE178D8D950076E9AC /* main.m */,
				6C4EA0C0178D8D950076E9AC /* Ebook-Prefix.pch */,
				6C4EA0C4178D8D950076E9AC /* Default.png */,
				6C4EA0C6178D8D950076E9AC /* Default@2x.png */,
				6C4EA0C8178D8D950076E9AC /* Default-568h@2x.png */,
			);
			name = "Supporting Files";
			sourceTree = "<group>";
		};
		6C4EA0DC178D93670076E9AC /* tempfile */ = {
			isa = PBXGroup;
			children = (
				6C4EA0DD178D93AA0076E9AC /* iTunesMetadata.plist */,
				6C4EA0DE178D93AA0076E9AC /* Pods.xcconfig */,
				6C4EA0DF178D93AA0076E9AC /* PressPlusInHouse-Info.plist */,
				6C4EA0E0178D93AB0076E9AC /* Info.plist */,
				6C4EA0E1178D93AB0076E9AC /* ResourceRules.plist */,
				6C4EA0E2178D93AC0076E9AC /* .DS_Store */,
				6C4EA0E3178D93AC0076E9AC /* Info.plist.xml */,
				6C4EA0E4178D93AC0076E9AC /* iTunesMetadata.plist.xml */,
				6C4EA0E5178D93AD0076E9AC /* PressPlusInHouse-Info.plist.xml */,
				6C4EA0E6178D93AD0076E9AC /* ResourceRules.plist.xml */,
			);
			name = tempfile;
			sourceTree = "<group>";
		};
/* End PBXGroup section */

/* Begin PBXNativeTarget section */
		6C4EA0AE178D8D950076E9AC /* Ebook */ = {
			isa = PBXNativeTarget;
			buildConfigurationList = 6C4EA0D5178D8D950076E9AC /* Build configuration list for PBXNativeTarget "Ebook" */;
			buildPhases = (
				C280F463388649B0B46D8EC7 /* Check Pods Manifest.lock */,
				6C4EA0AB178D8D950076E9AC /* Sources */,
				6C4EA0AC178D8D950076E9AC /* Frameworks */,
				6C4EA0AD178D8D950076E9AC /* Resources */,
				41CDE5A1C0EF4AB7A492F358 /* Copy Pods Resources */,
			);
			buildRules = (
			);
			dependencies = (
			);
			name = Ebook;
			productName = Ebook;
			productReference = 6C4EA0AF178D8D950076E9AC /* Ebook.app */;
			productType = "com.apple.product-type.application";
		};
/* End PBXNativeTarget section */

/* Begin PBXProject section */
		6C4EA0A7178D8D950076E9AC /* Project object */ = {
			isa = PBXProject;
			attributes = {
				LastUpgradeCheck = 0460;
				ORGANIZATIONNAME = openkava;
			};
			buildConfigurationList = 6C4EA0AA178D8D950076E9AC /* Build configuration list for PBXProject "Ebook" */;
			compatibilityVersion = "Xcode 3.2";
			developmentRegion = English;
			hasScannedForEncodings = 0;
			knownRegions = (
				en,
			);
			mainGroup = 6C4EA0A6178D8D950076E9AC;
			productRefGroup = 6C4EA0B0178D8D950076E9AC /* Products */;
			projectDirPath = "";
			projectRoot = "";
			targets = (
				6C4EA0AE178D8D950076E9AC /* Ebook */,
			);
		};
/* End PBXProject section */

/* Begin PBXResourcesBuildPhase section */
		6C4EA0AD178D8D950076E9AC /* Resources */ = {
			isa = PBXResourcesBuildPhase;
			buildActionMask = 2147483647;
			files = (
				6C4EA0BD178D8D950076E9AC /* InfoPlist.strings in Resources */,
				6C4EA0C5178D8D950076E9AC /* Default.png in Resources */,
				6C4EA0C7178D8D950076E9AC /* Default@2x.png in Resources */,
				6C4EA0C9178D8D950076E9AC /* Default-568h@2x.png in Resources */,
				6C4EA0CC178D8D950076E9AC /* MainStoryboard_iPhone.storyboard in Resources */,
				6C4EA0CF178D8D950076E9AC /* MainStoryboard_iPad.storyboard in Resources */,
				6C4EA0DA178D8F8F0076E9AC /* NewsstandArtwork.png in Resources */,
				6C4EA0DB178D8F8F0076E9AC /* iTunesArtwork.png in Resources */,
				6C4EA0E8178D944C0076E9AC /* memo.txt in Resources */,
			);
			runOnlyForDeploymentPostprocessing = 0;
		};
/* End PBXResourcesBuildPhase section */

/* Begin PBXShellScriptBuildPhase section */
		41CDE5A1C0EF4AB7A492F358 /* Copy Pods Resources */ = {
			isa = PBXShellScriptBuildPhase;
			buildActionMask = 2147483647;
			files = (
			);
			inputPaths = (
			);
			name = "Copy Pods Resources";
			outputPaths = (
			);
			runOnlyForDeploymentPostprocessing = 0;
			shellPath = /bin/sh;
			shellScript = "\"${SRCROOT}/Pods/Pods-resources.sh\"\n";
			showEnvVarsInLog = 0;
		};
		C280F463388649B0B46D8EC7 /* Check Pods Manifest.lock */ = {
			isa = PBXShellScriptBuildPhase;
			buildActionMask = 2147483647;
			files = (
			);
			inputPaths = (
			);
			name = "Check Pods Manifest.lock";
			outputPaths = (
			);
			runOnlyForDeploymentPostprocessing = 0;
			shellPath = /bin/sh;
			shellScript = "diff \"${PODS_ROOT}/../Podfile.lock\" \"${PODS_ROOT}/Manifest.lock\" > /dev/null\nif [[ $? != 0 ]] ; then\n    cat << EOM\nerror: The sandbox is not in sync with the Podfile.lock. Run 'pod install' or update your CocoaPods installation.\nEOM\n    exit 1\nfi\n";
			showEnvVarsInLog = 0;
		};
/* End PBXShellScriptBuildPhase section */

/* Begin PBXSourcesBuildPhase section */
		6C4EA0AB178D8D950076E9AC /* Sources */ = {
			isa = PBXSourcesBuildPhase;
			buildActionMask = 2147483647;
			files = (
				6C4EA0BF178D8D950076E9AC /* main.m in Sources */,
				6C4EA0C3178D8D950076E9AC /* AppDelegate.m in Sources */,
				6C4EA0D2178D8D950076E9AC /* ViewController.m in Sources */,
			);
			runOnlyForDeploymentPostprocessing = 0;
		};
/* End PBXSourcesBuildPhase section */

/* Begin PBXVariantGroup section */
		6C4EA0BB178D8D950076E9AC /* InfoPlist.strings */ = {
			isa = PBXVariantGroup;
			children = (
				6C4EA0BC178D8D950076E9AC /* en */,
			);
			name = InfoPlist.strings;
			sourceTree = "<group>";
		};
		6C4EA0CA178D8D950076E9AC /* MainStoryboard_iPhone.storyboard */ = {
			isa = PBXVariantGroup;
			children = (
				6C4EA0CB178D8D950076E9AC /* en */,
			);
			name = MainStoryboard_iPhone.storyboard;
			sourceTree = "<group>";
		};
		6C4EA0CD178D8D950076E9AC /* MainStoryboard_iPad.storyboard */ = {
			isa = PBXVariantGroup;
			children = (
				6C4EA0CE178D8D950076E9AC /* en */,
			);
			name = MainStoryboard_iPad.storyboard;
			sourceTree = "<group>";
		};
/* End PBXVariantGroup section */

/* Begin XCBuildConfiguration section */
		6C4EA0D3178D8D950076E9AC /* Debug */ = {
			isa = XCBuildConfiguration;
			buildSettings = {
				ALWAYS_SEARCH_USER_PATHS = NO;
				CLANG_CXX_LANGUAGE_STANDARD = "gnu++0x";
				CLANG_CXX_LIBRARY = "libc++";
				CLANG_ENABLE_OBJC_ARC = YES;
				CLANG_WARN_CONSTANT_CONVERSION = YES;
				CLANG_WARN_EMPTY_BODY = YES;
				CLANG_WARN_ENUM_CONVERSION = YES;
				CLANG_WARN_INT_CONVERSION = YES;
				CLANG_WARN__DUPLICATE_METHOD_MATCH = YES;
				"CODE_SIGN_IDENTITY[sdk=iphoneos*]" = "iPhone Developer";
				COPY_PHASE_STRIP = NO;
				GCC_C_LANGUAGE_STANDARD = gnu99;
				GCC_DYNAMIC_NO_PIC = NO;
				GCC_OPTIMIZATION_LEVEL = 0;
				GCC_PREPROCESSOR_DEFINITIONS = (
					"DEBUG=1",
					"$(inherited)",
				);
				GCC_SYMBOLS_PRIVATE_EXTERN = NO;
				GCC_WARN_ABOUT_RETURN_TYPE = YES;
				GCC_WARN_UNINITIALIZED_AUTOS = YES;
				GCC_WARN_UNUSED_VARIABLE = YES;
				IPHONEOS_DEPLOYMENT_TARGET = 6.1;
				ONLY_ACTIVE_ARCH = YES;
				SDKROOT = iphoneos;
				TARGETED_DEVICE_FAMILY = "1,2";
			};
			name = Debug;
		};
		6C4EA0D4178D8D950076E9AC /* Release */ = {
			isa = XCBuildConfiguration;
			buildSettings = {
				ALWAYS_SEARCH_USER_PATHS = NO;
				CLANG_CXX_LANGUAGE_STANDARD = "gnu++0x";
				CLANG_CXX_LIBRARY = "libc++";
				CLANG_ENABLE_OBJC_ARC = YES;
				CLANG_WARN_CONSTANT_CONVERSION = YES;
				CLANG_WARN_EMPTY_BODY = YES;
				CLANG_WARN_ENUM_CONVERSION = YES;
				CLANG_WARN_INT_CONVERSION = YES;
				CLANG_WARN__DUPLICATE_METHOD_MATCH = YES;
				"CODE_SIGN_IDENTITY[sdk=iphoneos*]" = "iPhone Developer";
				COPY_PHASE_STRIP = YES;
				GCC_C_LANGUAGE_STANDARD = gnu99;
				GCC_WARN_ABOUT_RETURN_TYPE = YES;
				GCC_WARN_UNINITIALIZED_AUTOS = YES;
				GCC_WARN_UNUSED_VARIABLE = YES;
				IPHONEOS_DEPLOYMENT_TARGET = 6.1;
				OTHER_CFLAGS = "-DNS_BLOCK_ASSERTIONS=1";
				SDKROOT = iphoneos;
				TARGETED_DEVICE_FAMILY = "1,2";
				VALIDATE_PRODUCT = YES;
			};
			name = Release;
		};
		6C4EA0D6178D8D950076E9AC /* Debug */ = {
			isa = XCBuildConfiguration;
			baseConfigurationReference = 7EAA0ADEBB704C6B83DBFEF5 /* Pods/Pods.xcconfig */;
			buildSettings = {
				GCC_PRECOMPILE_PREFIX_HEADER = YES;
				GCC_PREFIX_HEADER = "Ebook/Ebook-Prefix.pch";
				INFOPLIST_FILE = "Ebook/Ebook-Info.plist";
				IPHONEOS_DEPLOYMENT_TARGET = 5.1;
				PRODUCT_NAME = "$(TARGET_NAME)";
				WRAPPER_EXTENSION = app;
			};
			name = Debug;
		};
		6C4EA0D7178D8D950076E9AC /* Release */ = {
			isa = XCBuildConfiguration;
			baseConfigurationReference = 7EAA0ADEBB704C6B83DBFEF5 /* Pods/Pods.xcconfig */;
			buildSettings = {
				GCC_PRECOMPILE_PREFIX_HEADER = YES;
				GCC_PREFIX_HEADER = "Ebook/Ebook-Prefix.pch";
				INFOPLIST_FILE = "Ebook/Ebook-Info.plist";
				IPHONEOS_DEPLOYMENT_TARGET = 5.1;
				PRODUCT_NAME = "$(TARGET_NAME)";
				WRAPPER_EXTENSION = app;
			};
			name = Release;
		};
/* End XCBuildConfiguration section */

/* Begin XCConfigurationList section */
		6C4EA0AA178D8D950076E9AC /* Build configuration list for PBXProject "Ebook" */ = {
			isa = XCConfigurationList;
			buildConfigurations = (
				6C4EA0D3178D8D950076E9AC /* Debug */,
				6C4EA0D4178D8D950076E9AC /* Release */,
			);
			defaultConfigurationIsVisible = 0;
			defaultConfigurationName = Release;
		};
		6C4EA0D5178D8D950076E9AC /* Build configuration list for PBXNativeTarget "Ebook" */ = {
			isa = XCConfigurationList;
			buildConfigurations = (
				6C4EA0D6178D8D950076E9AC /* Debug */,
				6C4EA0D7178D8D950076E9AC /* Release */,
			);
			defaultConfigurationIsVisible = 0;
			defaultConfigurationName = Release;
		};
/* End XCConfigurationList section */
	};
	rootObject = 6C4EA0A7178D8D950076E9AC /* Project object */;
}
